
Microsoft Visual Studio Solution File, Format Version 12.00
# Visual Studio Version 17
VisualStudioVersion = 17.9.34728.123
MinimumVisualStudioVersion = 10.0.40219.1
Project("{2150E333-8FDC-42A3-9474-1A3956D46DE8}") = "Services", "Services", "{F528CBF2-5B0E-449A-B15C-CEEF4C095621}"
EndProject
Project("{2150E333-8FDC-42A3-9474-1A3956D46DE8}") = "Catalog", "Catalog", "{9A6F9EFD-A545-4AB4-B94C-84B2EE25A186}"
EndProject
Project("{9A19103F-16F7-4668-BE54-9A1E7A4F7556}") = "Catalog.API", "Services\Catalog\Catalog.API\Catalog.API.csproj", "{D70FBA9D-9010-419F-B3A2-0247C9CF25A9}"
EndProject
Project("{2150E333-8FDC-42A3-9474-1A3956D46DE8}") = "BuildingBlocks", "BuildingBlocks", "{A4B76830-EE02-4CC4-B32B-8475F2A4DD5B}"
EndProject
Project("{9A19103F-16F7-4668-BE54-9A1E7A4F7556}") = "BuildingBlocks", "BuildingBlocks\BuildingBlocks\BuildingBlocks.csproj", "{5A80AFB2-4B09-4E5B-866C-3C26DE5FF88A}"
EndProject
Project("{E53339B2-1760-4266-BCC7-CA923CBCF16C}") = "docker-compose", "docker-compose.dcproj", "{0E593DBD-8F72-4FA6-BF0D-93A18A8661BC}"
EndProject
Project("{2150E333-8FDC-42A3-9474-1A3956D46DE8}") = "Basket", "Basket", "{F4F300FA-2F0D-4125-8044-9090B307FBF1}"
EndProject
Project("{9A19103F-16F7-4668-BE54-9A1E7A4F7556}") = "Basket.API", "Services\Basket\Basket.API\Basket.API.csproj", "{4E038075-C042-41BA-AC56-749A75D06ADA}"
EndProject
Project("{2150E333-8FDC-42A3-9474-1A3956D46DE8}") = "Discount", "Discount", "{6305C657-94ED-4EFD-BD90-2A1BE350AD53}"
EndProject
Project("{9A19103F-16F7-4668-BE54-9A1E7A4F7556}") = "Discount.gRPC", "Services\Discount\Discount.gRPC\Discount.gRPC.csproj", "{C5F625B3-993E-4463-B76B-8303F138B2F0}"
EndProject
Project("{2150E333-8FDC-42A3-9474-1A3956D46DE8}") = "Order", "Order", "{CD58793C-CB7E-4C7E-9E73-6CCCBEE4DF22}"
EndProject
Project("{9A19103F-16F7-4668-BE54-9A1E7A4F7556}") = "Order.API", "Services\Order\Order.API\Order.API.csproj", "{1CC30049-3D07-4C4F-A529-F2769CF5529D}"
EndProject
Project("{9A19103F-16F7-4668-BE54-9A1E7A4F7556}") = "Order.Domain", "Services\Order\Order.Domain\Order.Domain.csproj", "{7324E791-9AC4-41CE-A2D9-919809251A74}"
EndProject
Project("{9A19103F-16F7-4668-BE54-9A1E7A4F7556}") = "Order.Application", "Services\Order\Order.Application\Order.Application.csproj", "{DED5973A-AD3B-4CD4-97AF-0C8D2A7898A7}"
EndProject
Project("{9A19103F-16F7-4668-BE54-9A1E7A4F7556}") = "Order.Infrastructure", "Services\Order\Order.Infrastructure\Order.Infrastructure.csproj", "{309BCD39-0ABA-46F1-99E4-16B2EE455072}"
EndProject
Project("{FAE04EC0-301F-11D3-BF4B-00C04F79EFBC}") = "BuildingBlocks.Messaging", "BuildingBlocks\BuildingBlocks.Messaging\BuildingBlocks.Messaging.csproj", "{66B517A5-336E-4F38-B6E1-06BA0FBFBF83}"
EndProject
Global
	GlobalSection(SolutionConfigurationPlatforms) = preSolution
		Debug|Any CPU = Debug|Any CPU
		Release|Any CPU = Release|Any CPU
	EndGlobalSection
	GlobalSection(ProjectConfigurationPlatforms) = postSolution
		{D70FBA9D-9010-419F-B3A2-0247C9CF25A9}.Debug|Any CPU.ActiveCfg = Debug|Any CPU
		{D70FBA9D-9010-419F-B3A2-0247C9CF25A9}.Debug|Any CPU.Build.0 = Debug|Any CPU
		{D70FBA9D-9010-419F-B3A2-0247C9CF25A9}.Release|Any CPU.ActiveCfg = Release|Any CPU
		{D70FBA9D-9010-419F-B3A2-0247C9CF25A9}.Release|Any CPU.Build.0 = Release|Any CPU
		{5A80AFB2-4B09-4E5B-866C-3C26DE5FF88A}.Debug|Any CPU.ActiveCfg = Debug|Any CPU
		{5A80AFB2-4B09-4E5B-866C-3C26DE5FF88A}.Debug|Any CPU.Build.0 = Debug|Any CPU
		{5A80AFB2-4B09-4E5B-866C-3C26DE5FF88A}.Release|Any CPU.ActiveCfg = Release|Any CPU
		{5A80AFB2-4B09-4E5B-866C-3C26DE5FF88A}.Release|Any CPU.Build.0 = Release|Any CPU
		{0E593DBD-8F72-4FA6-BF0D-93A18A8661BC}.Debug|Any CPU.ActiveCfg = Debug|Any CPU
		{0E593DBD-8F72-4FA6-BF0D-93A18A8661BC}.Debug|Any CPU.Build.0 = Debug|Any CPU
		{0E593DBD-8F72-4FA6-BF0D-93A18A8661BC}.Release|Any CPU.ActiveCfg = Release|Any CPU
		{0E593DBD-8F72-4FA6-BF0D-93A18A8661BC}.Release|Any CPU.Build.0 = Release|Any CPU
		{4E038075-C042-41BA-AC56-749A75D06ADA}.Debug|Any CPU.ActiveCfg = Debug|Any CPU
		{4E038075-C042-41BA-AC56-749A75D06ADA}.Debug|Any CPU.Build.0 = Debug|Any CPU
		{4E038075-C042-41BA-AC56-749A75D06ADA}.Release|Any CPU.ActiveCfg = Release|Any CPU
		{4E038075-C042-41BA-AC56-749A75D06ADA}.Release|Any CPU.Build.0 = Release|Any CPU
		{C5F625B3-993E-4463-B76B-8303F138B2F0}.Debug|Any CPU.ActiveCfg = Debug|Any CPU
		{C5F625B3-993E-4463-B76B-8303F138B2F0}.Debug|Any CPU.Build.0 = Debug|Any CPU
		{C5F625B3-993E-4463-B76B-8303F138B2F0}.Release|Any CPU.ActiveCfg = Release|Any CPU
		{C5F625B3-993E-4463-B76B-8303F138B2F0}.Release|Any CPU.Build.0 = Release|Any CPU
		{1CC30049-3D07-4C4F-A529-F2769CF5529D}.Debug|Any CPU.ActiveCfg = Debug|Any CPU
		{1CC30049-3D07-4C4F-A529-F2769CF5529D}.Debug|Any CPU.Build.0 = Debug|Any CPU
		{1CC30049-3D07-4C4F-A529-F2769CF5529D}.Release|Any CPU.ActiveCfg = Release|Any CPU
		{1CC30049-3D07-4C4F-A529-F2769CF5529D}.Release|Any CPU.Build.0 = Release|Any CPU
		{7324E791-9AC4-41CE-A2D9-919809251A74}.Debug|Any CPU.ActiveCfg = Debug|Any CPU
		{7324E791-9AC4-41CE-A2D9-919809251A74}.Debug|Any CPU.Build.0 = Debug|Any CPU
		{7324E791-9AC4-41CE-A2D9-919809251A74}.Release|Any CPU.ActiveCfg = Release|Any CPU
		{7324E791-9AC4-41CE-A2D9-919809251A74}.Release|Any CPU.Build.0 = Release|Any CPU
		{DED5973A-AD3B-4CD4-97AF-0C8D2A7898A7}.Debug|Any CPU.ActiveCfg = Debug|Any CPU
		{DED5973A-AD3B-4CD4-97AF-0C8D2A7898A7}.Debug|Any CPU.Build.0 = Debug|Any CPU
		{DED5973A-AD3B-4CD4-97AF-0C8D2A7898A7}.Release|Any CPU.ActiveCfg = Release|Any CPU
		{DED5973A-AD3B-4CD4-97AF-0C8D2A7898A7}.Release|Any CPU.Build.0 = Release|Any CPU
		{309BCD39-0ABA-46F1-99E4-16B2EE455072}.Debug|Any CPU.ActiveCfg = Debug|Any CPU
		{309BCD39-0ABA-46F1-99E4-16B2EE455072}.Debug|Any CPU.Build.0 = Debug|Any CPU
		{309BCD39-0ABA-46F1-99E4-16B2EE455072}.Release|Any CPU.ActiveCfg = Release|Any CPU
		{309BCD39-0ABA-46F1-99E4-16B2EE455072}.Release|Any CPU.Build.0 = Release|Any CPU
		{66B517A5-336E-4F38-B6E1-06BA0FBFBF83}.Debug|Any CPU.ActiveCfg = Debug|Any CPU
		{66B517A5-336E-4F38-B6E1-06BA0FBFBF83}.Debug|Any CPU.Build.0 = Debug|Any CPU
		{66B517A5-336E-4F38-B6E1-06BA0FBFBF83}.Release|Any CPU.ActiveCfg = Release|Any CPU
		{66B517A5-336E-4F38-B6E1-06BA0FBFBF83}.Release|Any CPU.Build.0 = Release|Any CPU
	EndGlobalSection
	GlobalSection(SolutionProperties) = preSolution
		HideSolutionNode = FALSE
	EndGlobalSection
	GlobalSection(NestedProjects) = preSolution
		{9A6F9EFD-A545-4AB4-B94C-84B2EE25A186} = {F528CBF2-5B0E-449A-B15C-CEEF4C095621}
		{D70FBA9D-9010-419F-B3A2-0247C9CF25A9} = {9A6F9EFD-A545-4AB4-B94C-84B2EE25A186}
		{5A80AFB2-4B09-4E5B-866C-3C26DE5FF88A} = {A4B76830-EE02-4CC4-B32B-8475F2A4DD5B}
		{F4F300FA-2F0D-4125-8044-9090B307FBF1} = {F528CBF2-5B0E-449A-B15C-CEEF4C095621}
		{4E038075-C042-41BA-AC56-749A75D06ADA} = {F4F300FA-2F0D-4125-8044-9090B307FBF1}
		{6305C657-94ED-4EFD-BD90-2A1BE350AD53} = {F528CBF2-5B0E-449A-B15C-CEEF4C095621}
		{C5F625B3-993E-4463-B76B-8303F138B2F0} = {6305C657-94ED-4EFD-BD90-2A1BE350AD53}
		{CD58793C-CB7E-4C7E-9E73-6CCCBEE4DF22} = {F528CBF2-5B0E-449A-B15C-CEEF4C095621}
		{1CC30049-3D07-4C4F-A529-F2769CF5529D} = {CD58793C-CB7E-4C7E-9E73-6CCCBEE4DF22}
		{7324E791-9AC4-41CE-A2D9-919809251A74} = {CD58793C-CB7E-4C7E-9E73-6CCCBEE4DF22}
		{DED5973A-AD3B-4CD4-97AF-0C8D2A7898A7} = {CD58793C-CB7E-4C7E-9E73-6CCCBEE4DF22}
		{309BCD39-0ABA-46F1-99E4-16B2EE455072} = {CD58793C-CB7E-4C7E-9E73-6CCCBEE4DF22}
		{66B517A5-336E-4F38-B6E1-06BA0FBFBF83} = {A4B76830-EE02-4CC4-B32B-8475F2A4DD5B}
	EndGlobalSection
	GlobalSection(ExtensibilityGlobals) = postSolution
		SolutionGuid = {4BB29850-6B24-4B5C-A023-520D99EEC7F3}
	EndGlobalSection
EndGlobal
